
Microsoft Visual Studio Solution File, Format Version 12.00
# Visual Studio Version 17
VisualStudioVersion = 17.5.33414.496
MinimumVisualStudioVersion = 10.0.40219.1
Project("{FAE04EC0-301F-11D3-BF4B-00C04F79EFBC}") = "Cozar_Sebastian_Lab2", "Cozar_Sebastian_Lab2\Cozar_Sebastian_Lab2.csproj", "{A661EBE1-B514-48F7-9574-16A343F9300A}"
EndProject
Global
	GlobalSection(SolutionConfigurationPlatforms) = preSolution
		Debug|Any CPU = Debug|Any CPU
		Release|Any CPU = Release|Any CPU
	EndGlobalSection
	GlobalSection(ProjectConfigurationPlatforms) = postSolution
		{A661EBE1-B514-48F7-9574-16A343F9300A}.Debug|Any CPU.ActiveCfg = Debug|Any CPU
		{A661EBE1-B514-48F7-9574-16A343F9300A}.Debug|Any CPU.Build.0 = Debug|Any CPU
		{A661EBE1-B514-48F7-9574-16A343F9300A}.Release|Any CPU.ActiveCfg = Release|Any CPU
		{A661EBE1-B514-48F7-9574-16A343F9300A}.Release|Any CPU.Build.0 = Release|Any CPU
	EndGlobalSection
	GlobalSection(SolutionProperties) = preSolution
		HideSolutionNode = FALSE
	EndGlobalSection
	GlobalSection(ExtensibilityGlobals) = postSolution
		SolutionGuid = {D4539B08-F547-414A-9208-2CD5CEF1B94C}
	EndGlobalSection
EndGlobal
